Microsoft Visual Studio Solution File, Format Version 12.00
# Visual Studio Version 17
VisualStudioVersion = 17.5.2.0
MinimumVisualStudioVersion = 10.0.40219.1
Project("{2150E333-8FDC-42A3-9474-1A3956D46DE8}") = "Back", "Back", "{11BF4459-C332-B9BD-164A-F44681F2EC0B}"
EndProject
Project("{FAE04EC0-301F-11D3-BF4B-00C04F79EFBC}") = "TrackFocusAPI", "Back\TrackFocusAPI\TrackFocusAPI.csproj", "{24116C0C-2B44-DFAD-5B6F-3E7E8D56A974}"
EndProject
Global
	GlobalSection(SolutionConfigurationPlatforms) = preSolution
		Debug|Any CPU = Debug|Any CPU
		Release|Any CPU = Release|Any CPU
	EndGlobalSection
	GlobalSection(ProjectConfigurationPlatforms) = postSolution
		{24116C0C-2B44-DFAD-5B6F-3E7E8D56A974}.Debug|Any CPU.ActiveCfg = Debug|Any CPU
		{24116C0C-2B44-DFAD-5B6F-3E7E8D56A974}.Debug|Any CPU.Build.0 = Debug|Any CPU
		{24116C0C-2B44-DFAD-5B6F-3E7E8D56A974}.Release|Any CPU.ActiveCfg = Release|Any CPU
		{24116C0C-2B44-DFAD-5B6F-3E7E8D56A974}.Release|Any CPU.Build.0 = Release|Any CPU
	EndGlobalSection
	GlobalSection(SolutionProperties) = preSolution
		HideSolutionNode = FALSE
	EndGlobalSection
	GlobalSection(NestedProjects) = preSolution
		{24116C0C-2B44-DFAD-5B6F-3E7E8D56A974} = {11BF4459-C332-B9BD-164A-F44681F2EC0B}
	EndGlobalSection
	GlobalSection(ExtensibilityGlobals) = postSolution
		SolutionGuid = {FFB220F3-640E-467A-9346-3D35EC0671AE}
	EndGlobalSection
EndGlobal
